
Microsoft Visual Studio Solution File, Format Version 12.00
# Visual Studio Version 17
VisualStudioVersion = 17.9.34728.123
MinimumVisualStudioVersion = 10.0.40219.1
Project("{FAE04EC0-301F-11D3-BF4B-00C04F79EFBC}") = "Merge_Formatting", "Merge_Formatting.csproj", "{70051A2B-4ED3-42A3-A1E5-221CA25CF22F}"
EndProject
Global
	GlobalSection(SolutionConfigurationPlatforms) = preSolution
		Debug|Any CPU = Debug|Any CPU
		Release|Any CPU = Release|Any CPU
	EndGlobalSection
	GlobalSection(ProjectConfigurationPlatforms) = postSolution
		{70051A2B-4ED3-42A3-A1E5-221CA25CF22F}.Debug|Any CPU.ActiveCfg = Debug|Any CPU
		{70051A2B-4ED3-42A3-A1E5-221CA25CF22F}.Debug|Any CPU.Build.0 = Debug|Any CPU
		{70051A2B-4ED3-42A3-A1E5-221CA25CF22F}.Release|Any CPU.ActiveCfg = Release|Any CPU
		{70051A2B-4ED3-42A3-A1E5-221CA25CF22F}.Release|Any CPU.Build.0 = Release|Any CPU
	EndGlobalSection
	GlobalSection(SolutionProperties) = preSolution
		HideSolutionNode = FALSE
	EndGlobalSection
	GlobalSection(ExtensibilityGlobals) = postSolution
		SolutionGuid = {D1FB90B5-EFF7-493F-AA93-42CCD4BFA576}
	EndGlobalSection
EndGlobal
